// !$*UTF8*$!
{
	archiveVersion = 1;
	classes = {
	};
	objectVersion = 77;
	objects = {

/* Begin PBXBuildFile section */
		073E65DB24F28C2991F93647 /* OverlayController.swift in Sources */ = {isa = PBXBuildFile; fileRef = 876B11A457CA592312A876F5 /* OverlayController.swift */; };
		0C0973CD82975A7021B0ABB9 /* MenuBarView.swift in Sources */ = {isa = PBXBuildFile; fileRef = B3BE053E1BF0F996BCAFF18C /* MenuBarView.swift */; };
		19920E1CDA79F0C4EA19ED36 /* SettingsView.swift in Sources */ = {isa = PBXBuildFile; fileRef = 99FB9160F65313D36DBA643D /* SettingsView.swift */; };
		23A12F57C8F30355B87C889E /* ColorTemperatureTests.swift in Sources */ = {isa = PBXBuildFile; fileRef = 8A026711BF083C32C833A4E7 /* ColorTemperatureTests.swift */; };
		3465E5F6A76DD7ADFEEF4001 /* HotkeySettings.swift in Sources */ = {isa = PBXBuildFile; fileRef = BACF856507D51D14CC8E2216 /* HotkeySettings.swift */; };
		45BD6AD4B1D58CF77A7E9320 /* LumaSettings.swift in Sources */ = {isa = PBXBuildFile; fileRef = D8CFE7B9CBF958793D982A69 /* LumaSettings.swift */; };
		464AE1AD0C4CB5005C275713 /* DisplayController.swift in Sources */ = {isa = PBXBuildFile; fileRef = 3E04695C3BB351889D7302C8 /* DisplayController.swift */; };
		5648AACD307418E217C9F982 /* SunCalculatorTests.swift in Sources */ = {isa = PBXBuildFile; fileRef = E6485D12E9CD614B87C11539 /* SunCalculatorTests.swift */; };
		575B4CAB6267108684FAFD48 /* PreferencesStore.swift in Sources */ = {isa = PBXBuildFile; fileRef = F3F1D98EF82B441C1DEB8D16 /* PreferencesStore.swift */; };
		5B04BCC5F7BDB2B7FB07463F /* ScheduleSettings.swift in Sources */ = {isa = PBXBuildFile; fileRef = 175692ABCFB239E22586F722 /* ScheduleSettings.swift */; };
		63D770007F45FEE7D66D4676 /* Assets.xcassets in Resources */ = {isa = PBXBuildFile; fileRef = E3B04AD6AF2467595F0E16CA /* Assets.xcassets */; };
		685232600E77E6F7CB928BD1 /* AppDelegate.swift in Sources */ = {isa = PBXBuildFile; fileRef = 01EAC41BB3F758C6C453B857 /* AppDelegate.swift */; };
		8A0F6C21FE912261A313FD53 /* RuntimeState.swift in Sources */ = {isa = PBXBuildFile; fileRef = E43A2415EB211A431EED173D /* RuntimeState.swift */; };
		A51EFF8A45E37D5FE425061E /* ColorTemperature.swift in Sources */ = {isa = PBXBuildFile; fileRef = 80AB68C4961BB1A2CD24EEA3 /* ColorTemperature.swift */; };
		B3A7ABA0ED25B51A943FF7C8 /* ScheduleSettingsTests.swift in Sources */ = {isa = PBXBuildFile; fileRef = B7357B4E352213E7EB41066C /* ScheduleSettingsTests.swift */; };
		C9688BA1ECB0DE488EBB4F3E /* SunCalculator.swift in Sources */ = {isa = PBXBuildFile; fileRef = DFEFABAE7C45D1801B52755F /* SunCalculator.swift */; };
		C9C2653AD1E01642D45BF392 /* DisplayProfile.swift in Sources */ = {isa = PBXBuildFile; fileRef = 68D00FB77A5D9172C7982930 /* DisplayProfile.swift */; };
		DB618465681163B0F3229700 /* LumaGuardApp.swift in Sources */ = {isa = PBXBuildFile; fileRef = 8E925C9B974FE302B0BF1777 /* LumaGuardApp.swift */; };
		E620236AABFB3F98483BB618 /* HotKeyManager.swift in Sources */ = {isa = PBXBuildFile; fileRef = 0B0DB767A1A8F59644135E63 /* HotKeyManager.swift */; };
/* End PBXBuildFile section */

/* Begin PBXContainerItemProxy section */
		C38F810F32E765455F734F5A /* PBXContainerItemProxy */ = {
			isa = PBXContainerItemProxy;
			containerPortal = 25AFDBA275E308B7D0397C35 /* Project object */;
			proxyType = 1;
			remoteGlobalIDString = 528613C68EB469D447B82BD0;
			remoteInfo = LumaGuard;
		};
/* End PBXContainerItemProxy section */

/* Begin PBXFileReference section */
		01EAC41BB3F758C6C453B857 /* AppDelegate.swift */ = {isa = PBXFileReference; lastKnownFileType = sourcecode.swift; path = AppDelegate.swift; sourceTree = "<group>"; };
		049B90592F967CD52CBAEA89 /* LumaGuard.app */ = {isa = PBXFileReference; explicitFileType = wrapper.application; includeInIndex = 0; path = LumaGuard.app; sourceTree = BUILT_PRODUCTS_DIR; };
		0B0DB767A1A8F59644135E63 /* HotKeyManager.swift */ = {isa = PBXFileReference; lastKnownFileType = sourcecode.swift; path = HotKeyManager.swift; sourceTree = "<group>"; };
		175692ABCFB239E22586F722 /* ScheduleSettings.swift */ = {isa = PBXFileReference; lastKnownFileType = sourcecode.swift; path = ScheduleSettings.swift; sourceTree = "<group>"; };
		3E04695C3BB351889D7302C8 /* DisplayController.swift */ = {isa = PBXFileReference; lastKnownFileType = sourcecode.swift; path = DisplayController.swift; sourceTree = "<group>"; };
		645DBDA0C5A6EEDA9754DA50 /* Info.plist */ = {isa = PBXFileReference; lastKnownFileType = text.plist; path = Info.plist; sourceTree = "<group>"; };
		68D00FB77A5D9172C7982930 /* DisplayProfile.swift */ = {isa = PBXFileReference; lastKnownFileType = sourcecode.swift; path = DisplayProfile.swift; sourceTree = "<group>"; };
		80AB68C4961BB1A2CD24EEA3 /* ColorTemperature.swift */ = {isa = PBXFileReference; lastKnownFileType = sourcecode.swift; path = ColorTemperature.swift; sourceTree = "<group>"; };
		876B11A457CA592312A876F5 /* OverlayController.swift */ = {isa = PBXFileReference; lastKnownFileType = sourcecode.swift; path = OverlayController.swift; sourceTree = "<group>"; };
		8998EB377929D038BA78C95E /* LumaGuardTests.xctest */ = {isa = PBXFileReference; explicitFileType = wrapper.cfbundle; includeInIndex = 0; path = LumaGuardTests.xctest; sourceTree = BUILT_PRODUCTS_DIR; };
		8A026711BF083C32C833A4E7 /* ColorTemperatureTests.swift */ = {isa = PBXFileReference; lastKnownFileType = sourcecode.swift; path = ColorTemperatureTests.swift; sourceTree = "<group>"; };
		8E925C9B974FE302B0BF1777 /* LumaGuardApp.swift */ = {isa = PBXFileReference; lastKnownFileType = sourcecode.swift; path = LumaGuardApp.swift; sourceTree = "<group>"; };
		99FB9160F65313D36DBA643D /* SettingsView.swift */ = {isa = PBXFileReference; lastKnownFileType = sourcecode.swift; path = SettingsView.swift; sourceTree = "<group>"; };
		B35A6C26742D537FA505435C /* Info.plist */ = {isa = PBXFileReference; lastKnownFileType = text.plist; path = Info.plist; sourceTree = "<group>"; };
		B3BE053E1BF0F996BCAFF18C /* MenuBarView.swift */ = {isa = PBXFileReference; lastKnownFileType = sourcecode.swift; path = MenuBarView.swift; sourceTree = "<group>"; };
		B7357B4E352213E7EB41066C /* ScheduleSettingsTests.swift */ = {isa = PBXFileReference; lastKnownFileType = sourcecode.swift; path = ScheduleSettingsTests.swift; sourceTree = "<group>"; };
		BACF856507D51D14CC8E2216 /* HotkeySettings.swift */ = {isa = PBXFileReference; lastKnownFileType = sourcecode.swift; path = HotkeySettings.swift; sourceTree = "<group>"; };
		D8CFE7B9CBF958793D982A69 /* LumaSettings.swift */ = {isa = PBXFileReference; lastKnownFileType = sourcecode.swift; path = LumaSettings.swift; sourceTree = "<group>"; };
		DFEFABAE7C45D1801B52755F /* SunCalculator.swift */ = {isa = PBXFileReference; lastKnownFileType = sourcecode.swift; path = SunCalculator.swift; sourceTree = "<group>"; };
		E3B04AD6AF2467595F0E16CA /* Assets.xcassets */ = {isa = PBXFileReference; lastKnownFileType = folder.assetcatalog; path = Assets.xcassets; sourceTree = "<group>"; };
		E43A2415EB211A431EED173D /* RuntimeState.swift */ = {isa = PBXFileReference; lastKnownFileType = sourcecode.swift; path = RuntimeState.swift; sourceTree = "<group>"; };
		E6485D12E9CD614B87C11539 /* SunCalculatorTests.swift */ = {isa = PBXFileReference; lastKnownFileType = sourcecode.swift; path = SunCalculatorTests.swift; sourceTree = "<group>"; };
		F3F1D98EF82B441C1DEB8D16 /* PreferencesStore.swift */ = {isa = PBXFileReference; lastKnownFileType = sourcecode.swift; path = PreferencesStore.swift; sourceTree = "<group>"; };
/* End PBXFileReference section */

/* Begin PBXGroup section */
		030C47A42C8F346EB914204B /* LumaGuardTests */ = {
			isa = PBXGroup;
			children = (
				8A026711BF083C32C833A4E7 /* ColorTemperatureTests.swift */,
				B35A6C26742D537FA505435C /* Info.plist */,
				B7357B4E352213E7EB41066C /* ScheduleSettingsTests.swift */,
				E6485D12E9CD614B87C11539 /* SunCalculatorTests.swift */,
			);
			path = LumaGuardTests;
			sourceTree = "<group>";
		};
		313BCAB4F53704F1B4986D43 /* App */ = {
			isa = PBXGroup;
			children = (
				01EAC41BB3F758C6C453B857 /* AppDelegate.swift */,
				8E925C9B974FE302B0BF1777 /* LumaGuardApp.swift */,
			);
			path = App;
			sourceTree = "<group>";
		};
		428C3C11110CD6FC86C1A372 /* Models */ = {
			isa = PBXGroup;
			children = (
				68D00FB77A5D9172C7982930 /* DisplayProfile.swift */,
				BACF856507D51D14CC8E2216 /* HotkeySettings.swift */,
				D8CFE7B9CBF958793D982A69 /* LumaSettings.swift */,
				E43A2415EB211A431EED173D /* RuntimeState.swift */,
				175692ABCFB239E22586F722 /* ScheduleSettings.swift */,
			);
			path = Models;
			sourceTree = "<group>";
		};
		446ABBCA145294CF47BA7DAB /* Support */ = {
			isa = PBXGroup;
			children = (
				80AB68C4961BB1A2CD24EEA3 /* ColorTemperature.swift */,
				DFEFABAE7C45D1801B52755F /* SunCalculator.swift */,
			);
			path = Support;
			sourceTree = "<group>";
		};
		81FCC21310FFD575D28083AF /* LumaGuard */ = {
			isa = PBXGroup;
			children = (
				E3B04AD6AF2467595F0E16CA /* Assets.xcassets */,
				645DBDA0C5A6EEDA9754DA50 /* Info.plist */,
				313BCAB4F53704F1B4986D43 /* App */,
				428C3C11110CD6FC86C1A372 /* Models */,
				BA5E4474D81D397D3A87F1E5 /* Services */,
				A18C6A84D8D517B38BFA2D4A /* Stores */,
				446ABBCA145294CF47BA7DAB /* Support */,
				BD3D6FF4267A6F0EA689E099 /* Views */,
			);
			path = LumaGuard;
			sourceTree = "<group>";
		};
		A18C6A84D8D517B38BFA2D4A /* Stores */ = {
			isa = PBXGroup;
			children = (
				F3F1D98EF82B441C1DEB8D16 /* PreferencesStore.swift */,
			);
			path = Stores;
			sourceTree = "<group>";
		};
		AC49CF7C019832B188988BC5 = {
			isa = PBXGroup;
			children = (
				81FCC21310FFD575D28083AF /* LumaGuard */,
				030C47A42C8F346EB914204B /* LumaGuardTests */,
				AF390D150EA017A8B3EF88CB /* Products */,
			);
			sourceTree = "<group>";
		};
		AF390D150EA017A8B3EF88CB /* Products */ = {
			isa = PBXGroup;
			children = (
				049B90592F967CD52CBAEA89 /* LumaGuard.app */,
				8998EB377929D038BA78C95E /* LumaGuardTests.xctest */,
			);
			name = Products;
			sourceTree = "<group>";
		};
		BA5E4474D81D397D3A87F1E5 /* Services */ = {
			isa = PBXGroup;
			children = (
				3E04695C3BB351889D7302C8 /* DisplayController.swift */,
				0B0DB767A1A8F59644135E63 /* HotKeyManager.swift */,
				876B11A457CA592312A876F5 /* OverlayController.swift */,
			);
			path = Services;
			sourceTree = "<group>";
		};
		BD3D6FF4267A6F0EA689E099 /* Views */ = {
			isa = PBXGroup;
			children = (
				B3BE053E1BF0F996BCAFF18C /* MenuBarView.swift */,
				99FB9160F65313D36DBA643D /* SettingsView.swift */,
			);
			path = Views;
			sourceTree = "<group>";
		};
/* End PBXGroup section */

/* Begin PBXNativeTarget section */
		2B33DBF904077AB27AE77F09 /* LumaGuardTests */ = {
			isa = PBXNativeTarget;
			buildConfigurationList = ADBDF0F7DF7F3F3FBC0064E9 /* Build configuration list for PBXNativeTarget "LumaGuardTests" */;
			buildPhases = (
				5F519728C6EC52E325CD9716 /* Sources */,
			);
			buildRules = (
			);
			dependencies = (
				1A3F10F587D01D00537FA9E8 /* PBXTargetDependency */,
			);
			name = LumaGuardTests;
			packageProductDependencies = (
			);
			productName = LumaGuardTests;
			productReference = 8998EB377929D038BA78C95E /* LumaGuardTests.xctest */;
			productType = "com.apple.product-type.bundle.unit-test";
		};
		528613C68EB469D447B82BD0 /* LumaGuard */ = {
			isa = PBXNativeTarget;
			buildConfigurationList = 752D8E1CD15AE2A69C527355 /* Build configuration list for PBXNativeTarget "LumaGuard" */;
			buildPhases = (
				23072EBB94525FDE25D7CC40 /* Sources */,
				CE73084A29127DE473DA4B57 /* Resources */,
			);
			buildRules = (
			);
			dependencies = (
			);
			name = LumaGuard;
			packageProductDependencies = (
			);
			productName = LumaGuard;
			productReference = 049B90592F967CD52CBAEA89 /* LumaGuard.app */;
			productType = "com.apple.product-type.application";
		};
/* End PBXNativeTarget section */

/* Begin PBXProject section */
		25AFDBA275E308B7D0397C35 /* Project object */ = {
			isa = PBXProject;
			attributes = {
				BuildIndependentTargetsInParallel = YES;
				LastUpgradeCheck = 1430;
				TargetAttributes = {
					528613C68EB469D447B82BD0 = {
						ProvisioningStyle = Automatic;
					};
				};
			};
			buildConfigurationList = 2A073B0EC79ED0B609159DAC /* Build configuration list for PBXProject "LumaGuard" */;
			developmentRegion = en;
			hasScannedForEncodings = 0;
			knownRegions = (
				Base,
				en,
			);
			mainGroup = AC49CF7C019832B188988BC5;
			minimizedProjectReferenceProxies = 1;
			preferredProjectObjectVersion = 77;
			productRefGroup = AF390D150EA017A8B3EF88CB /* Products */;
			projectDirPath = "";
			projectRoot = "";
			targets = (
				528613C68EB469D447B82BD0 /* LumaGuard */,
				2B33DBF904077AB27AE77F09 /* LumaGuardTests */,
			);
		};
/* End PBXProject section */

/* Begin PBXResourcesBuildPhase section */
		CE73084A29127DE473DA4B57 /* Resources */ = {
			isa = PBXResourcesBuildPhase;
			buildActionMask = 2147483647;
			files = (
				63D770007F45FEE7D66D4676 /* Assets.xcassets in Resources */,
			);
			runOnlyForDeploymentPostprocessing = 0;
		};
/* End PBXResourcesBuildPhase section */

/* Begin PBXSourcesBuildPhase section */
		23072EBB94525FDE25D7CC40 /* Sources */ = {
			isa = PBXSourcesBuildPhase;
			buildActionMask = 2147483647;
			files = (
				685232600E77E6F7CB928BD1 /* AppDelegate.swift in Sources */,
				A51EFF8A45E37D5FE425061E /* ColorTemperature.swift in Sources */,
				464AE1AD0C4CB5005C275713 /* DisplayController.swift in Sources */,
				C9C2653AD1E01642D45BF392 /* DisplayProfile.swift in Sources */,
				E620236AABFB3F98483BB618 /* HotKeyManager.swift in Sources */,
				3465E5F6A76DD7ADFEEF4001 /* HotkeySettings.swift in Sources */,
				DB618465681163B0F3229700 /* LumaGuardApp.swift in Sources */,
				45BD6AD4B1D58CF77A7E9320 /* LumaSettings.swift in Sources */,
				0C0973CD82975A7021B0ABB9 /* MenuBarView.swift in Sources */,
				073E65DB24F28C2991F93647 /* OverlayController.swift in Sources */,
				575B4CAB6267108684FAFD48 /* PreferencesStore.swift in Sources */,
				8A0F6C21FE912261A313FD53 /* RuntimeState.swift in Sources */,
				5B04BCC5F7BDB2B7FB07463F /* ScheduleSettings.swift in Sources */,
				19920E1CDA79F0C4EA19ED36 /* SettingsView.swift in Sources */,
				C9688BA1ECB0DE488EBB4F3E /* SunCalculator.swift in Sources */,
			);
			runOnlyForDeploymentPostprocessing = 0;
		};
		5F519728C6EC52E325CD9716 /* Sources */ = {
			isa = PBXSourcesBuildPhase;
			buildActionMask = 2147483647;
			files = (
				23A12F57C8F30355B87C889E /* ColorTemperatureTests.swift in Sources */,
				B3A7ABA0ED25B51A943FF7C8 /* ScheduleSettingsTests.swift in Sources */,
				5648AACD307418E217C9F982 /* SunCalculatorTests.swift in Sources */,
			);
			runOnlyForDeploymentPostprocessing = 0;
		};
/* End PBXSourcesBuildPhase section */

/* Begin PBXTargetDependency section */
		1A3F10F587D01D00537FA9E8 /* PBXTargetDependency */ = {
			isa = PBXTargetDependency;
			target = 528613C68EB469D447B82BD0 /* LumaGuard */;
			targetProxy = C38F810F32E765455F734F5A /* PBXContainerItemProxy */;
		};
/* End PBXTargetDependency section */

/* Begin XCBuildConfiguration section */
		11A0FE47AB5E69CD3865D66D /* Debug */ = {
			isa = XCBuildConfiguration;
			buildSettings = {
				BUNDLE_LOADER = "$(TEST_HOST)";
				COMBINE_HIDPI_IMAGES = YES;
				INFOPLIST_FILE = LumaGuardTests/Info.plist;
				LD_RUNPATH_SEARCH_PATHS = (
					"$(inherited)",
					"@executable_path/../Frameworks",
					"@loader_path/../Frameworks",
				);
				PRODUCT_BUNDLE_IDENTIFIER = com.connorhountalas.LumaGuardTests;
				SDKROOT = macosx;
				TEST_HOST = "$(BUILT_PRODUCTS_DIR)/LumaGuard.app/Contents/MacOS/LumaGuard";
			};
			name = Debug;
		};
		4C195DF632941CC14E26607C /* Debug */ = {
			isa = XCBuildConfiguration;
			buildSettings = {
				ALWAYS_SEARCH_USER_PATHS = NO;
				CLANG_ANALYZER_NONNULL = YES;
				CLANG_ANALYZER_NUMBER_OBJECT_CONVERSION = YES_AGGRESSIVE;
				CLANG_CXX_LANGUAGE_STANDARD = "gnu++14";
				CLANG_CXX_LIBRARY = "libc++";
				CLANG_ENABLE_MODULES = YES;
				CLANG_ENABLE_OBJC_ARC = YES;
				CLANG_ENABLE_OBJC_WEAK = YES;
				CLANG_WARN_BLOCK_CAPTURE_AUTORELEASING = YES;
				CLANG_WARN_BOOL_CONVERSION = YES;
				CLANG_WARN_COMMA = YES;
				CLANG_WARN_CONSTANT_CONVERSION = YES;
				CLANG_WARN_DEPRECATED_OBJC_IMPLEMENTATIONS = YES;
				CLANG_WARN_DIRECT_OBJC_ISA_USAGE = YES_ERROR;
				CLANG_WARN_DOCUMENTATION_COMMENTS = YES;
				CLANG_WARN_EMPTY_BODY = YES;
				CLANG_WARN_ENUM_CONVERSION = YES;
				CLANG_WARN_INFINITE_RECURSION = YES;
				CLANG_WARN_INT_CONVERSION = YES;
				CLANG_WARN_NON_LITERAL_NULL_CONVERSION = YES;
				CLANG_WARN_OBJC_IMPLICIT_RETAIN_SELF = YES;
				CLANG_WARN_OBJC_LITERAL_CONVERSION = YES;
				CLANG_WARN_OBJC_ROOT_CLASS = YES_ERROR;
				CLANG_WARN_QUOTED_INCLUDE_IN_FRAMEWORK_HEADER = YES;
				CLANG_WARN_RANGE_LOOP_ANALYSIS = YES;
				CLANG_WARN_STRICT_PROTOTYPES = YES;
				CLANG_WARN_SUSPICIOUS_MOVE = YES;
				CLANG_WARN_UNGUARDED_AVAILABILITY = YES_AGGRESSIVE;
				CLANG_WARN_UNREACHABLE_CODE = YES;
				CLANG_WARN__DUPLICATE_METHOD_MATCH = YES;
				COPY_PHASE_STRIP = NO;
				DEBUG_INFORMATION_FORMAT = dwarf;
				ENABLE_STRICT_OBJC_MSGSEND = YES;
				ENABLE_TESTABILITY = YES;
				GCC_C_LANGUAGE_STANDARD = gnu11;
				GCC_DYNAMIC_NO_PIC = NO;
				GCC_NO_COMMON_BLOCKS = YES;
				GCC_OPTIMIZATION_LEVEL = 0;
				GCC_PREPROCESSOR_DEFINITIONS = (
					"$(inherited)",
					"DEBUG=1",
				);
				GCC_WARN_64_TO_32_BIT_CONVERSION = YES;
				GCC_WARN_ABOUT_RETURN_TYPE = YES_ERROR;
				GCC_WARN_UNDECLARED_SELECTOR = YES;
				GCC_WARN_UNINITIALIZED_AUTOS = YES_AGGRESSIVE;
				GCC_WARN_UNUSED_FUNCTION = YES;
				GCC_WARN_UNUSED_VARIABLE = YES;
				MACOSX_DEPLOYMENT_TARGET = 14.0;
				MTL_ENABLE_DEBUG_INFO = INCLUDE_SOURCE;
				MTL_FAST_MATH = YES;
				ONLY_ACTIVE_ARCH = YES;
				PRODUCT_NAME = "$(TARGET_NAME)";
				SDKROOT = macosx;
				SWIFT_ACTIVE_COMPILATION_CONDITIONS = DEBUG;
				SWIFT_OPTIMIZATION_LEVEL = "-Onone";
				SWIFT_VERSION = 6.0;
			};
			name = Debug;
		};
		A7F6288A1E3B0853EAF576CF /* Release */ = {
			isa = XCBuildConfiguration;
			buildSettings = {
				BUNDLE_LOADER = "$(TEST_HOST)";
				COMBINE_HIDPI_IMAGES = YES;
				INFOPLIST_FILE = LumaGuardTests/Info.plist;
				LD_RUNPATH_SEARCH_PATHS = (
					"$(inherited)",
					"@executable_path/../Frameworks",
					"@loader_path/../Frameworks",
				);
				PRODUCT_BUNDLE_IDENTIFIER = com.connorhountalas.LumaGuardTests;
				SDKROOT = macosx;
				TEST_HOST = "$(BUILT_PRODUCTS_DIR)/LumaGuard.app/Contents/MacOS/LumaGuard";
			};
			name = Release;
		};
		AA9288FC93CA11946A7454AF /* Release */ = {
			isa = XCBuildConfiguration;
			buildSettings = {
				ALWAYS_SEARCH_USER_PATHS = NO;
				CLANG_ANALYZER_NONNULL = YES;
				CLANG_ANALYZER_NUMBER_OBJECT_CONVERSION = YES_AGGRESSIVE;
				CLANG_CXX_LANGUAGE_STANDARD = "gnu++14";
				CLANG_CXX_LIBRARY = "libc++";
				CLANG_ENABLE_MODULES = YES;
				CLANG_ENABLE_OBJC_ARC = YES;
				CLANG_ENABLE_OBJC_WEAK = YES;
				CLANG_WARN_BLOCK_CAPTURE_AUTORELEASING = YES;
				CLANG_WARN_BOOL_CONVERSION = YES;
				CLANG_WARN_COMMA = YES;
				CLANG_WARN_CONSTANT_CONVERSION = YES;
				CLANG_WARN_DEPRECATED_OBJC_IMPLEMENTATIONS = YES;
				CLANG_WARN_DIRECT_OBJC_ISA_USAGE = YES_ERROR;
				CLANG_WARN_DOCUMENTATION_COMMENTS = YES;
				CLANG_WARN_EMPTY_BODY = YES;
				CLANG_WARN_ENUM_CONVERSION = YES;
				CLANG_WARN_INFINITE_RECURSION = YES;
				CLANG_WARN_INT_CONVERSION = YES;
				CLANG_WARN_NON_LITERAL_NULL_CONVERSION = YES;
				CLANG_WARN_OBJC_IMPLICIT_RETAIN_SELF = YES;
				CLANG_WARN_OBJC_LITERAL_CONVERSION = YES;
				CLANG_WARN_OBJC_ROOT_CLASS = YES_ERROR;
				CLANG_WARN_QUOTED_INCLUDE_IN_FRAMEWORK_HEADER = YES;
				CLANG_WARN_RANGE_LOOP_ANALYSIS = YES;
				CLANG_WARN_STRICT_PROTOTYPES = YES;
				CLANG_WARN_SUSPICIOUS_MOVE = YES;
				CLANG_WARN_UNGUARDED_AVAILABILITY = YES_AGGRESSIVE;
				CLANG_WARN_UNREACHABLE_CODE = YES;
				CLANG_WARN__DUPLICATE_METHOD_MATCH = YES;
				COPY_PHASE_STRIP = NO;
				DEBUG_INFORMATION_FORMAT = "dwarf-with-dsym";
				ENABLE_NS_ASSERTIONS = NO;
				ENABLE_STRICT_OBJC_MSGSEND = YES;
				GCC_C_LANGUAGE_STANDARD = gnu11;
				GCC_NO_COMMON_BLOCKS = YES;
				GCC_WARN_64_TO_32_BIT_CONVERSION = YES;
				GCC_WARN_ABOUT_RETURN_TYPE = YES_ERROR;
				GCC_WARN_UNDECLARED_SELECTOR = YES;
				GCC_WARN_UNINITIALIZED_AUTOS = YES_AGGRESSIVE;
				GCC_WARN_UNUSED_FUNCTION = YES;
				GCC_WARN_UNUSED_VARIABLE = YES;
				MACOSX_DEPLOYMENT_TARGET = 14.0;
				MTL_ENABLE_DEBUG_INFO = NO;
				MTL_FAST_MATH = YES;
				PRODUCT_NAME = "$(TARGET_NAME)";
				SDKROOT = macosx;
				SWIFT_COMPILATION_MODE = wholemodule;
				SWIFT_OPTIMIZATION_LEVEL = "-O";
				SWIFT_VERSION = 6.0;
			};
			name = Release;
		};
		B4141FDB3EB6E0C50249DF1D /* Debug */ = {
			isa = XCBuildConfiguration;
			buildSettings = {
				ASSETCATALOG_COMPILER_APPICON_NAME = AppIcon;
				CODE_SIGN_STYLE = Automatic;
				COMBINE_HIDPI_IMAGES = YES;
				CURRENT_PROJECT_VERSION = 1;
				ENABLE_HARDENED_RUNTIME = YES;
				INFOPLIST_FILE = LumaGuard/Info.plist;
				LD_RUNPATH_SEARCH_PATHS = (
					"$(inherited)",
					"@executable_path/../Frameworks",
				);
				MARKETING_VERSION = 0.1.0;
				PRODUCT_BUNDLE_IDENTIFIER = com.connorhountalas.LumaGuard;
				SDKROOT = macosx;
			};
			name = Debug;
		};
		B80C74A983EE7127D436892C /* Release */ = {
			isa = XCBuildConfiguration;
			buildSettings = {
				ASSETCATALOG_COMPILER_APPICON_NAME = AppIcon;
				CODE_SIGN_STYLE = Automatic;
				COMBINE_HIDPI_IMAGES = YES;
				CURRENT_PROJECT_VERSION = 1;
				ENABLE_HARDENED_RUNTIME = YES;
				INFOPLIST_FILE = LumaGuard/Info.plist;
				LD_RUNPATH_SEARCH_PATHS = (
					"$(inherited)",
					"@executable_path/../Frameworks",
				);
				MARKETING_VERSION = 0.1.0;
				PRODUCT_BUNDLE_IDENTIFIER = com.connorhountalas.LumaGuard;
				SDKROOT = macosx;
			};
			name = Release;
		};
/* End XCBuildConfiguration section */

/* Begin XCConfigurationList section */
		2A073B0EC79ED0B609159DAC /* Build configuration list for PBXProject "LumaGuard" */ = {
			isa = XCConfigurationList;
			buildConfigurations = (
				4C195DF632941CC14E26607C /* Debug */,
				AA9288FC93CA11946A7454AF /* Release */,
			);
			defaultConfigurationIsVisible = 0;
			defaultConfigurationName = Debug;
		};
		752D8E1CD15AE2A69C527355 /* Build configuration list for PBXNativeTarget "LumaGuard" */ = {
			isa = XCConfigurationList;
			buildConfigurations = (
				B4141FDB3EB6E0C50249DF1D /* Debug */,
				B80C74A983EE7127D436892C /* Release */,
			);
			defaultConfigurationIsVisible = 0;
			defaultConfigurationName = Debug;
		};
		ADBDF0F7DF7F3F3FBC0064E9 /* Build configuration list for PBXNativeTarget "LumaGuardTests" */ = {
			isa = XCConfigurationList;
			buildConfigurations = (
				11A0FE47AB5E69CD3865D66D /* Debug */,
				A7F6288A1E3B0853EAF576CF /* Release */,
			);
			defaultConfigurationIsVisible = 0;
			defaultConfigurationName = Debug;
		};
/* End XCConfigurationList section */
	};
	rootObject = 25AFDBA275E308B7D0397C35 /* Project object */;
}
